
Microsoft Visual Studio Solution File, Format Version 12.00
# Visual Studio 15
VisualStudioVersion = 15.0.28010.2048
MinimumVisualStudioVersion = 10.0.40219.1
Project("{FAE04EC0-301F-11D3-BF4B-00C04F79EFBC}") = "EE595PcrController", "EE595PcrController\EE595PcrController.csproj", "{2EC37A91-785A-4758-9B5C-F912986A789A}"
EndProject
Project("{FAE04EC0-301F-11D3-BF4B-00C04F79EFBC}") = "WPFTools", "WPFTools\WPFTools.csproj", "{57D75432-7E13-4796-A0EA-658AA3D62EBF}"
EndProject
Global
	GlobalSection(SolutionConfigurationPlatforms) = preSolution
		Debug|Any CPU = Debug|Any CPU
		Release|Any CPU = Release|Any CPU
	EndGlobalSection
	GlobalSection(ProjectConfigurationPlatforms) = postSolution
		{2EC37A91-785A-4758-9B5C-F912986A789A}.Debug|Any CPU.ActiveCfg = Debug|Any CPU
		{2EC37A91-785A-4758-9B5C-F912986A789A}.Debug|Any CPU.Build.0 = Debug|Any CPU
		{2EC37A91-785A-4758-9B5C-F912986A789A}.Release|Any CPU.ActiveCfg = Release|Any CPU
		{2EC37A91-785A-4758-9B5C-F912986A789A}.Release|Any CPU.Build.0 = Release|Any CPU
		{57D75432-7E13-4796-A0EA-658AA3D62EBF}.Debug|Any CPU.ActiveCfg = Debug|Any CPU
		{57D75432-7E13-4796-A0EA-658AA3D62EBF}.Debug|Any CPU.Build.0 = Debug|Any CPU
		{57D75432-7E13-4796-A0EA-658AA3D62EBF}.Release|Any CPU.ActiveCfg = Release|Any CPU
		{57D75432-7E13-4796-A0EA-658AA3D62EBF}.Release|Any CPU.Build.0 = Release|Any CPU
	EndGlobalSection
	GlobalSection(SolutionProperties) = preSolution
		HideSolutionNode = FALSE
	EndGlobalSection
	GlobalSection(ExtensibilityGlobals) = postSolution
		SolutionGuid = {53448F3D-5DC2-4D35-AED7-A964EA438B36}
	EndGlobalSection
EndGlobal
